// !$*UTF8*$!
{
	archiveVersion = 1;
	classes = {
	};
	objectVersion = 56;
	objects = {

/* Begin PBXBuildFile section */
		400746202B524E0700696D02 /* HP15C-Simulator-Font.ttf in Resources */ = {isa = PBXBuildFile; fileRef = 4007461F2B524E0700696D02 /* HP15C-Simulator-Font.ttf */; };
		40DDDE2F2B530DB3005F95B3 /* Stack.swift in Sources */ = {isa = PBXBuildFile; fileRef = 40DDDE2E2B530DB3005F95B3 /* Stack.swift */; };
		40DDDE312B548EDE005F95B3 /* Double.swift in Sources */ = {isa = PBXBuildFile; fileRef = 40DDDE302B548EDE005F95B3 /* Double.swift */; };
		EF02EA682B93E71E00B917F0 /* FInput.swift in Sources */ = {isa = PBXBuildFile; fileRef = EF02EA662B93E71D00B917F0 /* FInput.swift */; };
		EF02EA692B93E71E00B917F0 /* GInput.swift in Sources */ = {isa = PBXBuildFile; fileRef = EF02EA672B93E71E00B917F0 /* GInput.swift */; };
		EF02EA6C2B96A92A00B917F0 /* KeyView.swift in Sources */ = {isa = PBXBuildFile; fileRef = EF02EA6B2B96A92A00B917F0 /* KeyView.swift */; };
		EF0C097D2B51F2950085CE3B /* Operations.swift in Sources */ = {isa = PBXBuildFile; fileRef = EF0C097C2B51F2950085CE3B /* Operations.swift */; };
		EF0C0FF22B50C4E90033250C /* RPN-35App.swift in Sources */ = {isa = PBXBuildFile; fileRef = EF0C0FF12B50C4E90033250C /* RPN-35App.swift */; };
		EF0C0FF42B50C4E90033250C /* DisplayView.swift in Sources */ = {isa = PBXBuildFile; fileRef = EF0C0FF32B50C4E90033250C /* DisplayView.swift */; };
		EF0C0FF62B50C4EB0033250C /* Assets.xcassets in Resources */ = {isa = PBXBuildFile; fileRef = EF0C0FF52B50C4EB0033250C /* Assets.xcassets */; };
		EF0C0FF92B50C4EB0033250C /* Preview Assets.xcassets in Resources */ = {isa = PBXBuildFile; fileRef = EF0C0FF82B50C4EB0033250C /* Preview Assets.xcassets */; };
		EF0C101C2B50C5150033250C /* AppService.swift in Sources */ = {isa = PBXBuildFile; fileRef = EF0C101B2B50C5150033250C /* AppService.swift */; };
		EF0C101E2B50C7710033250C /* Images.swift in Sources */ = {isa = PBXBuildFile; fileRef = EF0C101D2B50C7710033250C /* Images.swift */; };
		EF1863152DB090F900406F58 /* KeyFeedback.swift in Sources */ = {isa = PBXBuildFile; fileRef = EF1863142DB090F200406F58 /* KeyFeedback.swift */; };
		EF1863162DB090F900406F58 /* KeyFeedback.swift in Sources */ = {isa = PBXBuildFile; fileRef = EF1863142DB090F200406F58 /* KeyFeedback.swift */; };
		EF1863172DB090F900406F58 /* KeyFeedback.swift in Sources */ = {isa = PBXBuildFile; fileRef = EF1863142DB090F200406F58 /* KeyFeedback.swift */; };
		EF1863192DB09C6700406F58 /* Tutorial.swift in Sources */ = {isa = PBXBuildFile; fileRef = EF1863182DB09C6300406F58 /* Tutorial.swift */; };
		EF18631A2DB09C6700406F58 /* Tutorial.swift in Sources */ = {isa = PBXBuildFile; fileRef = EF1863182DB09C6300406F58 /* Tutorial.swift */; };
		EF18631B2DB09C6700406F58 /* Tutorial.swift in Sources */ = {isa = PBXBuildFile; fileRef = EF1863182DB09C6300406F58 /* Tutorial.swift */; };
		EF21AEA12CE82E09007DAF66 /* View.swift in Sources */ = {isa = PBXBuildFile; fileRef = EFECEAC12B6DC4150051134A /* View.swift */; };
		EF21AEA22CE82E09007DAF66 /* Operations.swift in Sources */ = {isa = PBXBuildFile; fileRef = EF0C097C2B51F2950085CE3B /* Operations.swift */; };
		EF21AEA32CE82E09007DAF66 /* Bool.swift in Sources */ = {isa = PBXBuildFile; fileRef = EFF4766B2B992B1E00A5744A /* Bool.swift */; };
		EF21AEA42CE82E09007DAF66 /* DataModel45.swift in Sources */ = {isa = PBXBuildFile; fileRef = EFFBE2962B8EA76F0012685A /* DataModel45.swift */; };
		EF21AEA52CE82E09007DAF66 /* Color.swift in Sources */ = {isa = PBXBuildFile; fileRef = EFECEAC32B6DC5C60051134A /* Color.swift */; };
		EF21AEA62CE82E09007DAF66 /* Global.swift in Sources */ = {isa = PBXBuildFile; fileRef = EF9A63A82B7B12490096822D /* Global.swift */; };
		EF21AEA72CE82E09007DAF66 /* Stack.swift in Sources */ = {isa = PBXBuildFile; fileRef = 40DDDE2E2B530DB3005F95B3 /* Stack.swift */; };
		EF21AEA82CE82E09007DAF66 /* DisplayView.swift in Sources */ = {isa = PBXBuildFile; fileRef = EF0C0FF32B50C4E90033250C /* DisplayView.swift */; };
		EF21AEA92CE82E09007DAF66 /* InfoView35.swift in Sources */ = {isa = PBXBuildFile; fileRef = EFC1AF7D2B825AE400B8946A /* InfoView35.swift */; };
		EF21AEAA2CE82E09007DAF66 /* Images.swift in Sources */ = {isa = PBXBuildFile; fileRef = EF0C101D2B50C7710033250C /* Images.swift */; };
		EF21AEAB2CE82E09007DAF66 /* AppService.swift in Sources */ = {isa = PBXBuildFile; fileRef = EF0C101B2B50C5150033250C /* AppService.swift */; };
		EF21AEAC2CE82E09007DAF66 /* KeyView.swift in Sources */ = {isa = PBXBuildFile; fileRef = EF02EA6B2B96A92A00B917F0 /* KeyView.swift */; };
		EF21AEAD2CE82E09007DAF66 /* Display.swift in Sources */ = {isa = PBXBuildFile; fileRef = EFF476672B981E7300A5744A /* Display.swift */; };
		EF21AEAE2CE82E09007DAF66 /* DebugView.swift in Sources */ = {isa = PBXBuildFile; fileRef = EFECEAD52B76CCC00051134A /* DebugView.swift */; };
		EF21AEAF2CE82E09007DAF66 /* DataModel.swift in Sources */ = {isa = PBXBuildFile; fileRef = EF57C55D2BA10F550045DAFB /* DataModel.swift */; };
		EF21AEB02CE82E09007DAF66 /* KeyboardView.swift in Sources */ = {isa = PBXBuildFile; fileRef = EF57C5602BA10F8E0045DAFB /* KeyboardView.swift */; };
		EF21AEB12CE82E09007DAF66 /* DataModel35.swift in Sources */ = {isa = PBXBuildFile; fileRef = EFF8E6982B8EC7BA0004D2BF /* DataModel35.swift */; };
		EF21AEB22CE82E09007DAF66 /* RPN-35App.swift in Sources */ = {isa = PBXBuildFile; fileRef = EF0C0FF12B50C4E90033250C /* RPN-35App.swift */; };
		EF21AEB32CE82E09007DAF66 /* String.swift in Sources */ = {isa = PBXBuildFile; fileRef = EFB91B112B60BAE000A6347F /* String.swift */; };
		EF21AEB42CE82E09007DAF66 /* GInput.swift in Sources */ = {isa = PBXBuildFile; fileRef = EF02EA672B93E71E00B917F0 /* GInput.swift */; };
		EF21AEB52CE82E09007DAF66 /* Double.swift in Sources */ = {isa = PBXBuildFile; fileRef = 40DDDE302B548EDE005F95B3 /* Double.swift */; };
		EF21AEB62CE82E09007DAF66 /* NSEvent.swift in Sources */ = {isa = PBXBuildFile; fileRef = EFBDF48D2BAFCCF1002F3F64 /* NSEvent.swift */; };
		EF21AEB72CE82E09007DAF66 /* FInput.swift in Sources */ = {isa = PBXBuildFile; fileRef = EF02EA662B93E71D00B917F0 /* FInput.swift */; };
		EF21AEBA2CE82E09007DAF66 /* HP15C-Simulator-Font.ttf in Resources */ = {isa = PBXBuildFile; fileRef = 4007461F2B524E0700696D02 /* HP15C-Simulator-Font.ttf */; };
		EF21AEBB2CE82E09007DAF66 /* Preview Assets.xcassets in Resources */ = {isa = PBXBuildFile; fileRef = EF0C0FF82B50C4EB0033250C /* Preview Assets.xcassets */; };
		EF21AEBC2CE82E09007DAF66 /* Assets.xcassets in Resources */ = {isa = PBXBuildFile; fileRef = EF0C0FF52B50C4EB0033250C /* Assets.xcassets */; };
		EF21AEC42CF025AB007DAF66 /* SnackBar.swift in Sources */ = {isa = PBXBuildFile; fileRef = EF21AEC32CF0259E007DAF66 /* SnackBar.swift */; };
		EF21AEC52CF025AB007DAF66 /* SnackBar.swift in Sources */ = {isa = PBXBuildFile; fileRef = EF21AEC32CF0259E007DAF66 /* SnackBar.swift */; };
		EF21AEC62CF025AB007DAF66 /* SnackBar.swift in Sources */ = {isa = PBXBuildFile; fileRef = EF21AEC32CF0259E007DAF66 /* SnackBar.swift */; };
		EF2547F92D77DDAC00B3B64D /* Strings.swift in Sources */ = {isa = PBXBuildFile; fileRef = EF2547F82D77DDA800B3B64D /* Strings.swift */; };
		EF2547FA2D77DDAC00B3B64D /* Strings.swift in Sources */ = {isa = PBXBuildFile; fileRef = EF2547F82D77DDA800B3B64D /* Strings.swift */; };
		EF2547FB2D77DDAC00B3B64D /* Strings.swift in Sources */ = {isa = PBXBuildFile; fileRef = EF2547F82D77DDA800B3B64D /* Strings.swift */; };
		EF4719872DC06E7200DA3EB4 /* DMSTests45.swift in Sources */ = {isa = PBXBuildFile; fileRef = EF4719862DC06E6500DA3EB4 /* DMSTests45.swift */; };
		EF57C55C2B9FCAEF0045DAFB /* SampleProblemsTests.swift in Sources */ = {isa = PBXBuildFile; fileRef = EF57C55B2B9FCAEF0045DAFB /* SampleProblemsTests.swift */; };
		EF57C55E2BA10F550045DAFB /* DataModel.swift in Sources */ = {isa = PBXBuildFile; fileRef = EF57C55D2BA10F550045DAFB /* DataModel.swift */; };
		EF57C55F2BA10F550045DAFB /* DataModel.swift in Sources */ = {isa = PBXBuildFile; fileRef = EF57C55D2BA10F550045DAFB /* DataModel.swift */; };
		EF57C5612BA10F8E0045DAFB /* KeyboardView.swift in Sources */ = {isa = PBXBuildFile; fileRef = EF57C5602BA10F8E0045DAFB /* KeyboardView.swift */; };
		EF57C5622BA10F8E0045DAFB /* KeyboardView.swift in Sources */ = {isa = PBXBuildFile; fileRef = EF57C5602BA10F8E0045DAFB /* KeyboardView.swift */; };
		EF57C5642BA296390045DAFB /* UserManualTests2.swift in Sources */ = {isa = PBXBuildFile; fileRef = EF57C5632BA296390045DAFB /* UserManualTests2.swift */; };
		EF57C5802BA540250045DAFB /* ErrorTests.swift in Sources */ = {isa = PBXBuildFile; fileRef = EF57C57F2BA540250045DAFB /* ErrorTests.swift */; };
		EF57C5862BAA879C0045DAFB /* UserManualTests45.swift in Sources */ = {isa = PBXBuildFile; fileRef = EF57C5852BAA879C0045DAFB /* UserManualTests45.swift */; };
		EF8A8F952B83CC2A00515DBE /* InfoView35.swift in Sources */ = {isa = PBXBuildFile; fileRef = EFC1AF7D2B825AE400B8946A /* InfoView35.swift */; };
		EF9A63A92B7B12490096822D /* Global.swift in Sources */ = {isa = PBXBuildFile; fileRef = EF9A63A82B7B12490096822D /* Global.swift */; };
		EFA959692CF442F8009D557D /* KeyViewHP21.swift in Sources */ = {isa = PBXBuildFile; fileRef = EFA959682CF442E2009D557D /* KeyViewHP21.swift */; };
		EFA9596A2CF442F8009D557D /* KeyViewHP21.swift in Sources */ = {isa = PBXBuildFile; fileRef = EFA959682CF442E2009D557D /* KeyViewHP21.swift */; };
		EFA9596B2CF442F8009D557D /* KeyViewHP21.swift in Sources */ = {isa = PBXBuildFile; fileRef = EFA959682CF442E2009D557D /* KeyViewHP21.swift */; };
		EFB108D22D18FC7A0032F830 /* Array.swift in Sources */ = {isa = PBXBuildFile; fileRef = EFB108D12D18FC760032F830 /* Array.swift */; };
		EFB108D32D18FC7A0032F830 /* Array.swift in Sources */ = {isa = PBXBuildFile; fileRef = EFB108D12D18FC760032F830 /* Array.swift */; };
		EFB108D42D18FC7A0032F830 /* Array.swift in Sources */ = {isa = PBXBuildFile; fileRef = EFB108D12D18FC760032F830 /* Array.swift */; };
		EFB91B122B60BAE000A6347F /* String.swift in Sources */ = {isa = PBXBuildFile; fileRef = EFB91B112B60BAE000A6347F /* String.swift */; };
		EFBDF48E2BAFCCF1002F3F64 /* NSEvent.swift in Sources */ = {isa = PBXBuildFile; fileRef = EFBDF48D2BAFCCF1002F3F64 /* NSEvent.swift */; };
		EFBDF48F2BAFCD10002F3F64 /* NSEvent.swift in Sources */ = {isa = PBXBuildFile; fileRef = EFBDF48D2BAFCCF1002F3F64 /* NSEvent.swift */; };
		EFBF5F542B8172E700634ED5 /* UserManualTests1.swift in Sources */ = {isa = PBXBuildFile; fileRef = EFBF5F532B8172E700634ED5 /* UserManualTests1.swift */; };
		EFBF5F5A2B81737300634ED5 /* RPN-35App.swift in Sources */ = {isa = PBXBuildFile; fileRef = EF0C0FF12B50C4E90033250C /* RPN-35App.swift */; };
		EFBF5F5B2B81737800634ED5 /* AppService.swift in Sources */ = {isa = PBXBuildFile; fileRef = EF0C101B2B50C5150033250C /* AppService.swift */; };
		EFBF5F5C2B81737C00634ED5 /* Stack.swift in Sources */ = {isa = PBXBuildFile; fileRef = 40DDDE2E2B530DB3005F95B3 /* Stack.swift */; };
		EFBF5F5D2B81737F00634ED5 /* Operations.swift in Sources */ = {isa = PBXBuildFile; fileRef = EF0C097C2B51F2950085CE3B /* Operations.swift */; };
		EFBF5F5E2B81738200634ED5 /* Global.swift in Sources */ = {isa = PBXBuildFile; fileRef = EF9A63A82B7B12490096822D /* Global.swift */; };
		EFBF5F5F2B8173B400634ED5 /* DisplayView.swift in Sources */ = {isa = PBXBuildFile; fileRef = EF0C0FF32B50C4E90033250C /* DisplayView.swift */; };
		EFBF5F652B8173D000634ED5 /* Color.swift in Sources */ = {isa = PBXBuildFile; fileRef = EFECEAC32B6DC5C60051134A /* Color.swift */; };
		EFBF5F662B8173D200634ED5 /* Double.swift in Sources */ = {isa = PBXBuildFile; fileRef = 40DDDE302B548EDE005F95B3 /* Double.swift */; };
		EFBF5F672B8173D600634ED5 /* String.swift in Sources */ = {isa = PBXBuildFile; fileRef = EFB91B112B60BAE000A6347F /* String.swift */; };
		EFBF5F682B8173D900634ED5 /* Images.swift in Sources */ = {isa = PBXBuildFile; fileRef = EF0C101D2B50C7710033250C /* Images.swift */; };
		EFBF5F692B8173DC00634ED5 /* View.swift in Sources */ = {isa = PBXBuildFile; fileRef = EFECEAC12B6DC4150051134A /* View.swift */; };
		EFBF5F6A2B8173E000634ED5 /* DebugView.swift in Sources */ = {isa = PBXBuildFile; fileRef = EFECEAD52B76CCC00051134A /* DebugView.swift */; };
		EFBF5F6B2B8173E300634ED5 /* Assets.xcassets in Resources */ = {isa = PBXBuildFile; fileRef = EF0C0FF52B50C4EB0033250C /* Assets.xcassets */; };
		EFBF5F6C2B8173E600634ED5 /* HP15C-Simulator-Font.ttf in Resources */ = {isa = PBXBuildFile; fileRef = 4007461F2B524E0700696D02 /* HP15C-Simulator-Font.ttf */; };
		EFBF5F6D2B8173EC00634ED5 /* Preview Assets.xcassets in Resources */ = {isa = PBXBuildFile; fileRef = EF0C0FF82B50C4EB0033250C /* Preview Assets.xcassets */; };
		EFC1AF7E2B825AE400B8946A /* InfoView35.swift in Sources */ = {isa = PBXBuildFile; fileRef = EFC1AF7D2B825AE400B8946A /* InfoView35.swift */; };
		EFD5B7772D0A7ABD00F9191C /* Toggle.swift in Sources */ = {isa = PBXBuildFile; fileRef = EFD5B7762D0A7AB300F9191C /* Toggle.swift */; };
		EFD5B7782D0A7ABD00F9191C /* Toggle.swift in Sources */ = {isa = PBXBuildFile; fileRef = EFD5B7762D0A7AB300F9191C /* Toggle.swift */; };
		EFD5B7792D0A7ABD00F9191C /* Toggle.swift in Sources */ = {isa = PBXBuildFile; fileRef = EFD5B7762D0A7AB300F9191C /* Toggle.swift */; };
		EFDA13512CFFE20100F52D07 /* DebugInspector.swift in Sources */ = {isa = PBXBuildFile; fileRef = EFDA13502CFFE1F600F52D07 /* DebugInspector.swift */; };
		EFDA13522CFFE20100F52D07 /* DebugInspector.swift in Sources */ = {isa = PBXBuildFile; fileRef = EFDA13502CFFE1F600F52D07 /* DebugInspector.swift */; };
		EFDA13532CFFE20100F52D07 /* DebugInspector.swift in Sources */ = {isa = PBXBuildFile; fileRef = EFDA13502CFFE1F600F52D07 /* DebugInspector.swift */; };
		EFE102982D028DFB00B0D0A6 /* UserManualTests21.swift in Sources */ = {isa = PBXBuildFile; fileRef = EFDA13552D014DB600F52D07 /* UserManualTests21.swift */; };
		EFECEAC22B6DC4150051134A /* View.swift in Sources */ = {isa = PBXBuildFile; fileRef = EFECEAC12B6DC4150051134A /* View.swift */; };
		EFECEAC42B6DC5C60051134A /* Color.swift in Sources */ = {isa = PBXBuildFile; fileRef = EFECEAC32B6DC5C60051134A /* Color.swift */; };
		EFECEAD62B76CCC00051134A /* DebugView.swift in Sources */ = {isa = PBXBuildFile; fileRef = EFECEAD52B76CCC00051134A /* DebugView.swift */; };
		EFF476642B981DB300A5744A /* KeyView.swift in Sources */ = {isa = PBXBuildFile; fileRef = EF02EA6B2B96A92A00B917F0 /* KeyView.swift */; };
		EFF476652B981DCD00A5744A /* DataModel35.swift in Sources */ = {isa = PBXBuildFile; fileRef = EFF8E6982B8EC7BA0004D2BF /* DataModel35.swift */; };
		EFF476662B981DD100A5744A /* DataModel45.swift in Sources */ = {isa = PBXBuildFile; fileRef = EFFBE2962B8EA76F0012685A /* DataModel45.swift */; };
		EFF476682B981E7300A5744A /* Display.swift in Sources */ = {isa = PBXBuildFile; fileRef = EFF476672B981E7300A5744A /* Display.swift */; };
		EFF476692B981E7300A5744A /* Display.swift in Sources */ = {isa = PBXBuildFile; fileRef = EFF476672B981E7300A5744A /* Display.swift */; };
		EFF4766C2B992B1E00A5744A /* Bool.swift in Sources */ = {isa = PBXBuildFile; fileRef = EFF4766B2B992B1E00A5744A /* Bool.swift */; };
		EFF4766D2B992B1E00A5744A /* Bool.swift in Sources */ = {isa = PBXBuildFile; fileRef = EFF4766B2B992B1E00A5744A /* Bool.swift */; };
		EFF7ABA22CF809EC00F06FBC /* DataModel21.swift in Sources */ = {isa = PBXBuildFile; fileRef = EFF7ABA12CF809E700F06FBC /* DataModel21.swift */; };
		EFF7ABA32CF809EC00F06FBC /* DataModel21.swift in Sources */ = {isa = PBXBuildFile; fileRef = EFF7ABA12CF809E700F06FBC /* DataModel21.swift */; };
		EFF7ABA42CF809EC00F06FBC /* DataModel21.swift in Sources */ = {isa = PBXBuildFile; fileRef = EFF7ABA12CF809E700F06FBC /* DataModel21.swift */; };
		EFF7ABA62CFBF30300F06FBC /* ModelSelectionView.swift in Sources */ = {isa = PBXBuildFile; fileRef = EFF7ABA52CFBF2FD00F06FBC /* ModelSelectionView.swift */; };
		EFF7ABA72CFBF30300F06FBC /* ModelSelectionView.swift in Sources */ = {isa = PBXBuildFile; fileRef = EFF7ABA52CFBF2FD00F06FBC /* ModelSelectionView.swift */; };
		EFF7ABA82CFBF30300F06FBC /* ModelSelectionView.swift in Sources */ = {isa = PBXBuildFile; fileRef = EFF7ABA52CFBF2FD00F06FBC /* ModelSelectionView.swift */; };
		EFF8E6992B8EC7BA0004D2BF /* DataModel35.swift in Sources */ = {isa = PBXBuildFile; fileRef = EFF8E6982B8EC7BA0004D2BF /* DataModel35.swift */; };
		EFFBE2972B8EA76F0012685A /* DataModel45.swift in Sources */ = {isa = PBXBuildFile; fileRef = EFFBE2962B8EA76F0012685A /* DataModel45.swift */; };
		EFFDB74B2D738AA60095CFB8 /* KeyboardView+MK.swift in Sources */ = {isa = PBXBuildFile; fileRef = EFFDB74A2D738A9C0095CFB8 /* KeyboardView+MK.swift */; };
		EFFDB74C2D738AA60095CFB8 /* KeyboardView+MK.swift in Sources */ = {isa = PBXBuildFile; fileRef = EFFDB74A2D738A9C0095CFB8 /* KeyboardView+MK.swift */; };
		EFFDB74D2D738AA60095CFB8 /* KeyboardView+MK.swift in Sources */ = {isa = PBXBuildFile; fileRef = EFFDB74A2D738A9C0095CFB8 /* KeyboardView+MK.swift */; };
		EFFDB74F2D738D090095CFB8 /* DataModelMK61.swift in Sources */ = {isa = PBXBuildFile; fileRef = EFFDB74E2D738CFF0095CFB8 /* DataModelMK61.swift */; };
		EFFDB7502D738D090095CFB8 /* DataModelMK61.swift in Sources */ = {isa = PBXBuildFile; fileRef = EFFDB74E2D738CFF0095CFB8 /* DataModelMK61.swift */; };
		EFFDB7512D738D090095CFB8 /* DataModelMK61.swift in Sources */ = {isa = PBXBuildFile; fileRef = EFFDB74E2D738CFF0095CFB8 /* DataModelMK61.swift */; };
		EFFDB75B2D73922D0095CFB8 /* KeyView+MK.swift in Sources */ = {isa = PBXBuildFile; fileRef = EFFDB75A2D7392270095CFB8 /* KeyView+MK.swift */; };
		EFFDB75C2D73922D0095CFB8 /* KeyView+MK.swift in Sources */ = {isa = PBXBuildFile; fileRef = EFFDB75A2D7392270095CFB8 /* KeyView+MK.swift */; };
		EFFDB75D2D73922D0095CFB8 /* KeyView+MK.swift in Sources */ = {isa = PBXBuildFile; fileRef = EFFDB75A2D7392270095CFB8 /* KeyView+MK.swift */; };
		EFFDB7632D74BE960095CFB8 /* Saira-VariableFont_wdth,wght.ttf in Resources */ = {isa = PBXBuildFile; fileRef = EFFDB7622D74BE960095CFB8 /* Saira-VariableFont_wdth,wght.ttf */; };
		EFFDB7642D74BE960095CFB8 /* Saira-VariableFont_wdth,wght.ttf in Resources */ = {isa = PBXBuildFile; fileRef = EFFDB7622D74BE960095CFB8 /* Saira-VariableFont_wdth,wght.ttf */; };
		EFFDB7652D74BE960095CFB8 /* Saira-VariableFont_wdth,wght.ttf in Resources */ = {isa = PBXBuildFile; fileRef = EFFDB7622D74BE960095CFB8 /* Saira-VariableFont_wdth,wght.ttf */; };
		EFFDB7672D74C0A40095CFB8 /* Font.swift in Sources */ = {isa = PBXBuildFile; fileRef = EFFDB7662D74C0A00095CFB8 /* Font.swift */; };
		EFFDB7682D74C0A40095CFB8 /* Font.swift in Sources */ = {isa = PBXBuildFile; fileRef = EFFDB7662D74C0A00095CFB8 /* Font.swift */; };
		EFFDB7692D74C0A40095CFB8 /* Font.swift in Sources */ = {isa = PBXBuildFile; fileRef = EFFDB7662D74C0A00095CFB8 /* Font.swift */; };
/* End PBXBuildFile section */

/* Begin PBXContainerItemProxy section */
		EFBF5F552B8172E700634ED5 /* PBXContainerItemProxy */ = {
			isa = PBXContainerItemProxy;
			containerPortal = EF0C0FE62B50C4E90033250C /* Project object */;
			proxyType = 1;
			remoteGlobalIDString = EF0C0FED2B50C4E90033250C;
			remoteInfo = Retro35;
		};
		EFE102992D028E4500B0D0A6 /* PBXContainerItemProxy */ = {
			isa = PBXContainerItemProxy;
			containerPortal = EF0C0FE62B50C4E90033250C /* Project object */;
			proxyType = 1;
			remoteGlobalIDString = EF21AE9F2CE82E09007DAF66;
			remoteInfo = RPN35DEV;
		};
/* End PBXContainerItemProxy section */

/* Begin PBXFileReference section */
		4007461F2B524E0700696D02 /* HP15C-Simulator-Font.ttf */ = {isa = PBXFileReference; lastKnownFileType = file; path = "HP15C-Simulator-Font.ttf"; sourceTree = "<group>"; };
		400746212B524E2500696D02 /* Info.plist */ = {isa = PBXFileReference; lastKnownFileType = text.plist; path = Info.plist; sourceTree = "<group>"; };
		40DDDE2E2B530DB3005F95B3 /* Stack.swift */ = {isa = PBXFileReference; lastKnownFileType = sourcecode.swift; path = Stack.swift; sourceTree = "<group>"; };
		40DDDE302B548EDE005F95B3 /* Double.swift */ = {isa = PBXFileReference; lastKnownFileType = sourcecode.swift; path = Double.swift; sourceTree = "<group>"; };
		EF02EA662B93E71D00B917F0 /* FInput.swift */ = {isa = PBXFileReference; fileEncoding = 4; lastKnownFileType = sourcecode.swift; path = FInput.swift; sourceTree = "<group>"; };
		EF02EA672B93E71E00B917F0 /* GInput.swift */ = {isa = PBXFileReference; fileEncoding = 4; lastKnownFileType = sourcecode.swift; path = GInput.swift; sourceTree = "<group>"; };
		EF02EA6B2B96A92A00B917F0 /* KeyView.swift */ = {isa = PBXFileReference; lastKnownFileType = sourcecode.swift; path = KeyView.swift; sourceTree = "<group>"; };
		EF0C097C2B51F2950085CE3B /* Operations.swift */ = {isa = PBXFileReference; lastKnownFileType = sourcecode.swift; path = Operations.swift; sourceTree = "<group>"; };
		EF0C0FEE2B50C4E90033250C /* RPN35.app */ = {isa = PBXFileReference; explicitFileType = wrapper.application; includeInIndex = 0; path = RPN35.app; sourceTree = BUILT_PRODUCTS_DIR; };
		EF0C0FF12B50C4E90033250C /* RPN-35App.swift */ = {isa = PBXFileReference; lastKnownFileType = sourcecode.swift; path = "RPN-35App.swift"; sourceTree = "<group>"; };
		EF0C0FF32B50C4E90033250C /* DisplayView.swift */ = {isa = PBXFileReference; lastKnownFileType = sourcecode.swift; path = DisplayView.swift; sourceTree = "<group>"; };
		EF0C0FF52B50C4EB0033250C /* Assets.xcassets */ = {isa = PBXFileReference; lastKnownFileType = folder.assetcatalog; path = Assets.xcassets; sourceTree = "<group>"; };
		EF0C0FF82B50C4EB0033250C /* Preview Assets.xcassets */ = {isa = PBXFileReference; lastKnownFileType = folder.assetcatalog; path = "Preview Assets.xcassets"; sourceTree = "<group>"; };
		EF0C101B2B50C5150033250C /* AppService.swift */ = {isa = PBXFileReference; fileEncoding = 4; lastKnownFileType = sourcecode.swift; path = AppService.swift; sourceTree = "<group>"; };
		EF0C101D2B50C7710033250C /* Images.swift */ = {isa = PBXFileReference; fileEncoding = 4; lastKnownFileType = sourcecode.swift; path = Images.swift; sourceTree = "<group>"; };
		EF1863142DB090F200406F58 /* KeyFeedback.swift */ = {isa = PBXFileReference; lastKnownFileType = sourcecode.swift; path = KeyFeedback.swift; sourceTree = "<group>"; };
		EF1863182DB09C6300406F58 /* Tutorial.swift */ = {isa = PBXFileReference; lastKnownFileType = sourcecode.swift; path = Tutorial.swift; sourceTree = "<group>"; };
		EF21AEC02CE82E09007DAF66 /* RPN35DEV.app */ = {isa = PBXFileReference; explicitFileType = wrapper.application; includeInIndex = 0; path = RPN35DEV.app; sourceTree = BUILT_PRODUCTS_DIR; };
		EF21AEC32CF0259E007DAF66 /* SnackBar.swift */ = {isa = PBXFileReference; lastKnownFileType = sourcecode.swift; path = SnackBar.swift; sourceTree = "<group>"; };
		EF2547F82D77DDA800B3B64D /* Strings.swift */ = {isa = PBXFileReference; lastKnownFileType = sourcecode.swift; path = Strings.swift; sourceTree = "<group>"; };
		EF4425AF2CE6D4E000D14E0C /* CHANGELOG.md */ = {isa = PBXFileReference; lastKnownFileType = net.daringfireball.markdown; path = CHANGELOG.md; sourceTree = "<group>"; };
		EF4719862DC06E6500DA3EB4 /* DMSTests45.swift */ = {isa = PBXFileReference; lastKnownFileType = sourcecode.swift; path = DMSTests45.swift; sourceTree = "<group>"; };
		EF57C55B2B9FCAEF0045DAFB /* SampleProblemsTests.swift */ = {isa = PBXFileReference; lastKnownFileType = sourcecode.swift; path = SampleProblemsTests.swift; sourceTree = "<group>"; };
		EF57C55D2BA10F550045DAFB /* DataModel.swift */ = {isa = PBXFileReference; fileEncoding = 4; lastKnownFileType = sourcecode.swift; path = DataModel.swift; sourceTree = "<group>"; };
		EF57C5602BA10F8E0045DAFB /* KeyboardView.swift */ = {isa = PBXFileReference; fileEncoding = 4; lastKnownFileType = sourcecode.swift; path = KeyboardView.swift; sourceTree = "<group>"; };
		EF57C5632BA296390045DAFB /* UserManualTests2.swift */ = {isa = PBXFileReference; lastKnownFileType = sourcecode.swift; path = UserManualTests2.swift; sourceTree = "<group>"; };
		EF57C57F2BA540250045DAFB /* ErrorTests.swift */ = {isa = PBXFileReference; lastKnownFileType = sourcecode.swift; path = ErrorTests.swift; sourceTree = "<group>"; };
		EF57C5852BAA879C0045DAFB /* UserManualTests45.swift */ = {isa = PBXFileReference; lastKnownFileType = sourcecode.swift; path = UserManualTests45.swift; sourceTree = "<group>"; };
		EF9A63A82B7B12490096822D /* Global.swift */ = {isa = PBXFileReference; lastKnownFileType = sourcecode.swift; path = Global.swift; sourceTree = "<group>"; };
		EFA959682CF442E2009D557D /* KeyViewHP21.swift */ = {isa = PBXFileReference; lastKnownFileType = sourcecode.swift; path = KeyViewHP21.swift; sourceTree = "<group>"; };
		EFB108D12D18FC760032F830 /* Array.swift */ = {isa = PBXFileReference; lastKnownFileType = sourcecode.swift; path = Array.swift; sourceTree = "<group>"; };
		EFB91B112B60BAE000A6347F /* String.swift */ = {isa = PBXFileReference; lastKnownFileType = sourcecode.swift; path = String.swift; sourceTree = "<group>"; };
		EFBDF48D2BAFCCF1002F3F64 /* NSEvent.swift */ = {isa = PBXFileReference; lastKnownFileType = sourcecode.swift; path = NSEvent.swift; sourceTree = "<group>"; };
		EFBF5F512B8172E700634ED5 /* RPN35Tests.xctest */ = {isa = PBXFileReference; explicitFileType = wrapper.cfbundle; includeInIndex = 0; path = RPN35Tests.xctest; sourceTree = BUILT_PRODUCTS_DIR; };
		EFBF5F532B8172E700634ED5 /* UserManualTests1.swift */ = {isa = PBXFileReference; lastKnownFileType = sourcecode.swift; path = UserManualTests1.swift; sourceTree = "<group>"; };
		EFC1AF7D2B825AE400B8946A /* InfoView35.swift */ = {isa = PBXFileReference; lastKnownFileType = sourcecode.swift; path = InfoView35.swift; sourceTree = "<group>"; };
		EFD5B7762D0A7AB300F9191C /* Toggle.swift */ = {isa = PBXFileReference; lastKnownFileType = sourcecode.swift; path = Toggle.swift; sourceTree = "<group>"; };
		EFDA13502CFFE1F600F52D07 /* DebugInspector.swift */ = {isa = PBXFileReference; lastKnownFileType = sourcecode.swift; path = DebugInspector.swift; sourceTree = "<group>"; };
		EFDA13552D014DB600F52D07 /* UserManualTests21.swift */ = {isa = PBXFileReference; lastKnownFileType = sourcecode.swift; path = UserManualTests21.swift; sourceTree = "<group>"; };
		EFECEAC12B6DC4150051134A /* View.swift */ = {isa = PBXFileReference; lastKnownFileType = sourcecode.swift; path = View.swift; sourceTree = "<group>"; };
		EFECEAC32B6DC5C60051134A /* Color.swift */ = {isa = PBXFileReference; fileEncoding = 4; lastKnownFileType = sourcecode.swift; path = Color.swift; sourceTree = "<group>"; };
		EFECEAD52B76CCC00051134A /* DebugView.swift */ = {isa = PBXFileReference; fileEncoding = 4; lastKnownFileType = sourcecode.swift; path = DebugView.swift; sourceTree = "<group>"; };
		EFF476672B981E7300A5744A /* Display.swift */ = {isa = PBXFileReference; lastKnownFileType = sourcecode.swift; path = Display.swift; sourceTree = "<group>"; };
		EFF4766B2B992B1E00A5744A /* Bool.swift */ = {isa = PBXFileReference; lastKnownFileType = sourcecode.swift; path = Bool.swift; sourceTree = "<group>"; };
		EFF7ABA12CF809E700F06FBC /* DataModel21.swift */ = {isa = PBXFileReference; lastKnownFileType = sourcecode.swift; path = DataModel21.swift; sourceTree = "<group>"; };
		EFF7ABA52CFBF2FD00F06FBC /* ModelSelectionView.swift */ = {isa = PBXFileReference; lastKnownFileType = sourcecode.swift; path = ModelSelectionView.swift; sourceTree = "<group>"; };
		EFF8E6982B8EC7BA0004D2BF /* DataModel35.swift */ = {isa = PBXFileReference; lastKnownFileType = sourcecode.swift; path = DataModel35.swift; sourceTree = "<group>"; };
		EFFBE2962B8EA76F0012685A /* DataModel45.swift */ = {isa = PBXFileReference; lastKnownFileType = sourcecode.swift; path = DataModel45.swift; sourceTree = "<group>"; };
		EFFDB74A2D738A9C0095CFB8 /* KeyboardView+MK.swift */ = {isa = PBXFileReference; lastKnownFileType = sourcecode.swift; path = "KeyboardView+MK.swift"; sourceTree = "<group>"; };
		EFFDB74E2D738CFF0095CFB8 /* DataModelMK61.swift */ = {isa = PBXFileReference; lastKnownFileType = sourcecode.swift; path = DataModelMK61.swift; sourceTree = "<group>"; };
		EFFDB75A2D7392270095CFB8 /* KeyView+MK.swift */ = {isa = PBXFileReference; lastKnownFileType = sourcecode.swift; path = "KeyView+MK.swift"; sourceTree = "<group>"; };
		EFFDB7622D74BE960095CFB8 /* Saira-VariableFont_wdth,wght.ttf */ = {isa = PBXFileReference; lastKnownFileType = file; path = "Saira-VariableFont_wdth,wght.ttf"; sourceTree = "<group>"; };
		EFFDB7662D74C0A00095CFB8 /* Font.swift */ = {isa = PBXFileReference; lastKnownFileType = sourcecode.swift; path = Font.swift; sourceTree = "<group>"; };
/* End PBXFileReference section */

/* Begin PBXFrameworksBuildPhase section */
		EF0C0FEB2B50C4E90033250C /* Frameworks */ = {
			isa = PBXFrameworksBuildPhase;
			buildActionMask = 2147483647;
			files = (
			);
			runOnlyForDeploymentPostprocessing = 0;
		};
		EF21AEB82CE82E09007DAF66 /* Frameworks */ = {
			isa = PBXFrameworksBuildPhase;
			buildActionMask = 2147483647;
			files = (
			);
			runOnlyForDeploymentPostprocessing = 0;
		};
		EFBF5F4E2B8172E700634ED5 /* Frameworks */ = {
			isa = PBXFrameworksBuildPhase;
			buildActionMask = 2147483647;
			files = (
			);
			runOnlyForDeploymentPostprocessing = 0;
		};
/* End PBXFrameworksBuildPhase section */

/* Begin PBXGroup section */
		EF02EA6A2B96A8EF00B917F0 /* Model */ = {
			isa = PBXGroup;
			children = (
				EF57C55D2BA10F550045DAFB /* DataModel.swift */,
				EFF8E6982B8EC7BA0004D2BF /* DataModel35.swift */,
				EFFBE2962B8EA76F0012685A /* DataModel45.swift */,
				EFF7ABA12CF809E700F06FBC /* DataModel21.swift */,
				EFFDB74E2D738CFF0095CFB8 /* DataModelMK61.swift */,
			);
			path = Model;
			sourceTree = "<group>";
		};
		EF0C0FE52B50C4E90033250C = {
			isa = PBXGroup;
			children = (
				EF4425AF2CE6D4E000D14E0C /* CHANGELOG.md */,
				EF0C0FF02B50C4E90033250C /* RPN-35 */,
				EFBF5F522B8172E700634ED5 /* HP-35Tests */,
				EF0C0FEF2B50C4E90033250C /* Products */,
			);
			sourceTree = "<group>";
		};
		EF0C0FEF2B50C4E90033250C /* Products */ = {
			isa = PBXGroup;
			children = (
				EF0C0FEE2B50C4E90033250C /* RPN35.app */,
				EFBF5F512B8172E700634ED5 /* RPN35Tests.xctest */,
				EF21AEC02CE82E09007DAF66 /* RPN35DEV.app */,
			);
			name = Products;
			sourceTree = "<group>";
		};
		EF0C0FF02B50C4E90033250C /* RPN-35 */ = {
			isa = PBXGroup;
			children = (
				400746212B524E2500696D02 /* Info.plist */,
				EF0C0FF12B50C4E90033250C /* RPN-35App.swift */,
				EF1863182DB09C6300406F58 /* Tutorial.swift */,
				EF9A63A82B7B12490096822D /* Global.swift */,
				EF0C101B2B50C5150033250C /* AppService.swift */,
				EFF4766A2B981EB000A5744A /* StackManager */,
				EFECEACD2B71BABE0051134A /* DisplayView */,
				EFECEAC92B71BA1A0051134A /* InfoView */,
				EFECEACC2B71BA840051134A /* KeyboardView */,
				EF02EA6A2B96A8EF00B917F0 /* Model */,
				EFECEACE2B71BB230051134A /* Utilities */,
				EF0C0FF52B50C4EB0033250C /* Assets.xcassets */,
				4007461F2B524E0700696D02 /* HP15C-Simulator-Font.ttf */,
				EFFDB7622D74BE960095CFB8 /* Saira-VariableFont_wdth,wght.ttf */,
				EF0C0FF72B50C4EB0033250C /* Preview Content */,
			);
			path = "RPN-35";
			sourceTree = "<group>";
		};
		EF0C0FF72B50C4EB0033250C /* Preview Content */ = {
			isa = PBXGroup;
			children = (
				EF0C0FF82B50C4EB0033250C /* Preview Assets.xcassets */,
			);
			path = "Preview Content";
			sourceTree = "<group>";
		};
		EF57C5832BAA875D0045DAFB /* hp35 */ = {
			isa = PBXGroup;
			children = (
				EFBF5F532B8172E700634ED5 /* UserManualTests1.swift */,
				EF57C5632BA296390045DAFB /* UserManualTests2.swift */,
				EF57C57F2BA540250045DAFB /* ErrorTests.swift */,
				EF57C55B2B9FCAEF0045DAFB /* SampleProblemsTests.swift */,
			);
			path = hp35;
			sourceTree = "<group>";
		};
		EF57C5842BAA87710045DAFB /* hp45 */ = {
			isa = PBXGroup;
			children = (
				EF57C5852BAA879C0045DAFB /* UserManualTests45.swift */,
				EF4719862DC06E6500DA3EB4 /* DMSTests45.swift */,
			);
			path = hp45;
			sourceTree = "<group>";
		};
		EFBF5F522B8172E700634ED5 /* HP-35Tests */ = {
			isa = PBXGroup;
			children = (
				EFDA13542D014DA300F52D07 /* hp21 */,
				EF57C5832BAA875D0045DAFB /* hp35 */,
				EF57C5842BAA87710045DAFB /* hp45 */,
			);
			path = "HP-35Tests";
			sourceTree = "<group>";
		};
		EFDA13542D014DA300F52D07 /* hp21 */ = {
			isa = PBXGroup;
			children = (
				EFDA13552D014DB600F52D07 /* UserManualTests21.swift */,
			);
			path = hp21;
			sourceTree = "<group>";
		};
		EFECEAC92B71BA1A0051134A /* InfoView */ = {
			isa = PBXGroup;
			children = (
				EFC1AF7D2B825AE400B8946A /* InfoView35.swift */,
			);
			path = InfoView;
			sourceTree = "<group>";
		};
		EFECEACC2B71BA840051134A /* KeyboardView */ = {
			isa = PBXGroup;
			children = (
				EF57C5602BA10F8E0045DAFB /* KeyboardView.swift */,
				EFFDB74A2D738A9C0095CFB8 /* KeyboardView+MK.swift */,
				EFF7ABA52CFBF2FD00F06FBC /* ModelSelectionView.swift */,
				EF02EA6B2B96A92A00B917F0 /* KeyView.swift */,
				EFFDB75A2D7392270095CFB8 /* KeyView+MK.swift */,
				EFA959682CF442E2009D557D /* KeyViewHP21.swift */,
			);
			path = KeyboardView;
			sourceTree = "<group>";
		};
		EFECEACD2B71BABE0051134A /* DisplayView */ = {
			isa = PBXGroup;
			children = (
				EF0C0FF32B50C4E90033250C /* DisplayView.swift */,
				EFF476672B981E7300A5744A /* Display.swift */,
			);
			path = DisplayView;
			sourceTree = "<group>";
		};
		EFECEACE2B71BB230051134A /* Utilities */ = {
			isa = PBXGroup;
			children = (
				EFB108D12D18FC760032F830 /* Array.swift */,
				EFF4766B2B992B1E00A5744A /* Bool.swift */,
				EFECEAC32B6DC5C60051134A /* Color.swift */,
				EFDA13502CFFE1F600F52D07 /* DebugInspector.swift */,
				EFECEAD52B76CCC00051134A /* DebugView.swift */,
				40DDDE302B548EDE005F95B3 /* Double.swift */,
				EFFDB7662D74C0A00095CFB8 /* Font.swift */,
				EF0C101D2B50C7710033250C /* Images.swift */,
				EF1863142DB090F200406F58 /* KeyFeedback.swift */,
				EFBDF48D2BAFCCF1002F3F64 /* NSEvent.swift */,
				EF21AEC32CF0259E007DAF66 /* SnackBar.swift */,
				EFB91B112B60BAE000A6347F /* String.swift */,
				EF2547F82D77DDA800B3B64D /* Strings.swift */,
				EFD5B7762D0A7AB300F9191C /* Toggle.swift */,
				EFECEAC12B6DC4150051134A /* View.swift */,
			);
			path = Utilities;
			sourceTree = "<group>";
		};
		EFF4766A2B981EB000A5744A /* StackManager */ = {
			isa = PBXGroup;
			children = (
				40DDDE2E2B530DB3005F95B3 /* Stack.swift */,
				EF0C097C2B51F2950085CE3B /* Operations.swift */,
				EF02EA662B93E71D00B917F0 /* FInput.swift */,
				EF02EA672B93E71E00B917F0 /* GInput.swift */,
			);
			path = StackManager;
			sourceTree = "<group>";
		};
/* End PBXGroup section */

/* Begin PBXNativeTarget section */
		EF0C0FED2B50C4E90033250C /* RPN35 */ = {
			isa = PBXNativeTarget;
			buildConfigurationList = EF0C10122B50C4EB0033250C /* Build configuration list for PBXNativeTarget "RPN35" */;
			buildPhases = (
				EF0C0FEA2B50C4E90033250C /* Sources */,
				EF0C0FEB2B50C4E90033250C /* Frameworks */,
				EF0C0FEC2B50C4E90033250C /* Resources */,
			);
			buildRules = (
			);
			dependencies = (
			);
			name = RPN35;
			productName = HP15C;
			productReference = EF0C0FEE2B50C4E90033250C /* RPN35.app */;
			productType = "com.apple.product-type.application";
		};
		EF21AE9F2CE82E09007DAF66 /* RPN35DEV */ = {
			isa = PBXNativeTarget;
			buildConfigurationList = EF21AEBD2CE82E09007DAF66 /* Build configuration list for PBXNativeTarget "RPN35DEV" */;
			buildPhases = (
				EF21AEA02CE82E09007DAF66 /* Sources */,
				EF21AEB82CE82E09007DAF66 /* Frameworks */,
				EF21AEB92CE82E09007DAF66 /* Resources */,
			);
			buildRules = (
			);
			dependencies = (
			);
			name = RPN35DEV;
			productName = HP15C;
			productReference = EF21AEC02CE82E09007DAF66 /* RPN35DEV.app */;
			productType = "com.apple.product-type.application";
		};
		EFBF5F502B8172E700634ED5 /* RPN35Tests */ = {
			isa = PBXNativeTarget;
			buildConfigurationList = EFBF5F592B8172E700634ED5 /* Build configuration list for PBXNativeTarget "RPN35Tests" */;
			buildPhases = (
				EFBF5F4D2B8172E700634ED5 /* Sources */,
				EFBF5F4E2B8172E700634ED5 /* Frameworks */,
				EFBF5F4F2B8172E700634ED5 /* Resources */,
			);
			buildRules = (
			);
			dependencies = (
				EFBF5F562B8172E700634ED5 /* PBXTargetDependency */,
				EFE1029A2D028E4500B0D0A6 /* PBXTargetDependency */,
			);
			name = RPN35Tests;
			productName = Retro35Tests;
			productReference = EFBF5F512B8172E700634ED5 /* RPN35Tests.xctest */;
			productType = "com.apple.product-type.bundle.unit-test";
		};
/* End PBXNativeTarget section */

/* Begin PBXProject section */
		EF0C0FE62B50C4E90033250C /* Project object */ = {
			isa = PBXProject;
			attributes = {
				BuildIndependentTargetsInParallel = 1;
				LastSwiftUpdateCheck = 1520;
				LastUpgradeCheck = 1520;
				TargetAttributes = {
					EF0C0FED2B50C4E90033250C = {
						CreatedOnToolsVersion = 15.2;
					};
					EFBF5F502B8172E700634ED5 = {
						CreatedOnToolsVersion = 15.2;
						TestTargetID = EF21AE9F2CE82E09007DAF66;
					};
				};
			};
			buildConfigurationList = EF0C0FE92B50C4E90033250C /* Build configuration list for PBXProject "RPN35" */;
			compatibilityVersion = "Xcode 14.0";
			developmentRegion = en;
			hasScannedForEncodings = 0;
			knownRegions = (
				en,
				Base,
			);
			mainGroup = EF0C0FE52B50C4E90033250C;
			productRefGroup = EF0C0FEF2B50C4E90033250C /* Products */;
			projectDirPath = "";
			projectRoot = "";
			targets = (
				EF0C0FED2B50C4E90033250C /* RPN35 */,
				EF21AE9F2CE82E09007DAF66 /* RPN35DEV */,
				EFBF5F502B8172E700634ED5 /* RPN35Tests */,
			);
		};
/* End PBXProject section */

/* Begin PBXResourcesBuildPhase section */
		EF0C0FEC2B50C4E90033250C /* Resources */ = {
			isa = PBXResourcesBuildPhase;
			buildActionMask = 2147483647;
			files = (
				400746202B524E0700696D02 /* HP15C-Simulator-Font.ttf in Resources */,
				EFFDB7642D74BE960095CFB8 /* Saira-VariableFont_wdth,wght.ttf in Resources */,
				EF0C0FF92B50C4EB0033250C /* Preview Assets.xcassets in Resources */,
				EF0C0FF62B50C4EB0033250C /* Assets.xcassets in Resources */,
			);
			runOnlyForDeploymentPostprocessing = 0;
		};
		EF21AEB92CE82E09007DAF66 /* Resources */ = {
			isa = PBXResourcesBuildPhase;
			buildActionMask = 2147483647;
			files = (
				EF21AEBA2CE82E09007DAF66 /* HP15C-Simulator-Font.ttf in Resources */,
				EFFDB7652D74BE960095CFB8 /* Saira-VariableFont_wdth,wght.ttf in Resources */,
				EF21AEBB2CE82E09007DAF66 /* Preview Assets.xcassets in Resources */,
				EF21AEBC2CE82E09007DAF66 /* Assets.xcassets in Resources */,
			);
			runOnlyForDeploymentPostprocessing = 0;
		};
		EFBF5F4F2B8172E700634ED5 /* Resources */ = {
			isa = PBXResourcesBuildPhase;
			buildActionMask = 2147483647;
			files = (
				EFBF5F6C2B8173E600634ED5 /* HP15C-Simulator-Font.ttf in Resources */,
				EFFDB7632D74BE960095CFB8 /* Saira-VariableFont_wdth,wght.ttf in Resources */,
				EFBF5F6D2B8173EC00634ED5 /* Preview Assets.xcassets in Resources */,
				EFBF5F6B2B8173E300634ED5 /* Assets.xcassets in Resources */,
			);
			runOnlyForDeploymentPostprocessing = 0;
		};
/* End PBXResourcesBuildPhase section */

/* Begin PBXSourcesBuildPhase section */
		EF0C0FEA2B50C4E90033250C /* Sources */ = {
			isa = PBXSourcesBuildPhase;
			buildActionMask = 2147483647;
			files = (
				EFECEAC22B6DC4150051134A /* View.swift in Sources */,
				EFDA13522CFFE20100F52D07 /* DebugInspector.swift in Sources */,
				EF0C097D2B51F2950085CE3B /* Operations.swift in Sources */,
				EFF4766C2B992B1E00A5744A /* Bool.swift in Sources */,
				EFFBE2972B8EA76F0012685A /* DataModel45.swift in Sources */,
				EFECEAC42B6DC5C60051134A /* Color.swift in Sources */,
				EF9A63A92B7B12490096822D /* Global.swift in Sources */,
				EFFDB75C2D73922D0095CFB8 /* KeyView+MK.swift in Sources */,
				40DDDE2F2B530DB3005F95B3 /* Stack.swift in Sources */,
				EF0C0FF42B50C4E90033250C /* DisplayView.swift in Sources */,
				EF1863172DB090F900406F58 /* KeyFeedback.swift in Sources */,
				EFF7ABA62CFBF30300F06FBC /* ModelSelectionView.swift in Sources */,
				EFC1AF7E2B825AE400B8946A /* InfoView35.swift in Sources */,
				EFFDB7692D74C0A40095CFB8 /* Font.swift in Sources */,
				EF0C101E2B50C7710033250C /* Images.swift in Sources */,
				EF0C101C2B50C5150033250C /* AppService.swift in Sources */,
				EF02EA6C2B96A92A00B917F0 /* KeyView.swift in Sources */,
				EFF476682B981E7300A5744A /* Display.swift in Sources */,
				EFECEAD62B76CCC00051134A /* DebugView.swift in Sources */,
				EFF7ABA32CF809EC00F06FBC /* DataModel21.swift in Sources */,
				EFD5B7792D0A7ABD00F9191C /* Toggle.swift in Sources */,
				EF57C55E2BA10F550045DAFB /* DataModel.swift in Sources */,
				EF57C5612BA10F8E0045DAFB /* KeyboardView.swift in Sources */,
				EFA959692CF442F8009D557D /* KeyViewHP21.swift in Sources */,
				EFB108D32D18FC7A0032F830 /* Array.swift in Sources */,
				EFF8E6992B8EC7BA0004D2BF /* DataModel35.swift in Sources */,
				EFFDB74C2D738AA60095CFB8 /* KeyboardView+MK.swift in Sources */,
				EF0C0FF22B50C4E90033250C /* RPN-35App.swift in Sources */,
				EF2547FA2D77DDAC00B3B64D /* Strings.swift in Sources */,
				EF18631A2DB09C6700406F58 /* Tutorial.swift in Sources */,
				EFB91B122B60BAE000A6347F /* String.swift in Sources */,
				EF02EA692B93E71E00B917F0 /* GInput.swift in Sources */,
				40DDDE312B548EDE005F95B3 /* Double.swift in Sources */,
				EFBDF48E2BAFCCF1002F3F64 /* NSEvent.swift in Sources */,
				EF21AEC42CF025AB007DAF66 /* SnackBar.swift in Sources */,
				EFFDB7512D738D090095CFB8 /* DataModelMK61.swift in Sources */,
				EF02EA682B93E71E00B917F0 /* FInput.swift in Sources */,
			);
			runOnlyForDeploymentPostprocessing = 0;
		};
		EF21AEA02CE82E09007DAF66 /* Sources */ = {
			isa = PBXSourcesBuildPhase;
			buildActionMask = 2147483647;
			files = (
				EF21AEA12CE82E09007DAF66 /* View.swift in Sources */,
				EFDA13532CFFE20100F52D07 /* DebugInspector.swift in Sources */,
				EF21AEA22CE82E09007DAF66 /* Operations.swift in Sources */,
				EF21AEA32CE82E09007DAF66 /* Bool.swift in Sources */,
				EF21AEA42CE82E09007DAF66 /* DataModel45.swift in Sources */,
				EF21AEA52CE82E09007DAF66 /* Color.swift in Sources */,
				EF21AEA62CE82E09007DAF66 /* Global.swift in Sources */,
				EFFDB75B2D73922D0095CFB8 /* KeyView+MK.swift in Sources */,
				EF21AEA72CE82E09007DAF66 /* Stack.swift in Sources */,
				EF21AEA82CE82E09007DAF66 /* DisplayView.swift in Sources */,
				EF1863152DB090F900406F58 /* KeyFeedback.swift in Sources */,
				EFF7ABA82CFBF30300F06FBC /* ModelSelectionView.swift in Sources */,
				EF21AEA92CE82E09007DAF66 /* InfoView35.swift in Sources */,
				EFFDB7682D74C0A40095CFB8 /* Font.swift in Sources */,
				EF21AEAA2CE82E09007DAF66 /* Images.swift in Sources */,
				EF21AEAB2CE82E09007DAF66 /* AppService.swift in Sources */,
				EF21AEAC2CE82E09007DAF66 /* KeyView.swift in Sources */,
				EF21AEAD2CE82E09007DAF66 /* Display.swift in Sources */,
				EF21AEAE2CE82E09007DAF66 /* DebugView.swift in Sources */,
				EFF7ABA42CF809EC00F06FBC /* DataModel21.swift in Sources */,
				EFD5B7782D0A7ABD00F9191C /* Toggle.swift in Sources */,
				EF21AEAF2CE82E09007DAF66 /* DataModel.swift in Sources */,
				EF21AEB02CE82E09007DAF66 /* KeyboardView.swift in Sources */,
				EFA9596A2CF442F8009D557D /* KeyViewHP21.swift in Sources */,
				EFB108D22D18FC7A0032F830 /* Array.swift in Sources */,
				EF21AEB12CE82E09007DAF66 /* DataModel35.swift in Sources */,
				EFFDB74B2D738AA60095CFB8 /* KeyboardView+MK.swift in Sources */,
				EF21AEB22CE82E09007DAF66 /* RPN-35App.swift in Sources */,
				EF2547F92D77DDAC00B3B64D /* Strings.swift in Sources */,
				EF18631B2DB09C6700406F58 /* Tutorial.swift in Sources */,
				EF21AEB32CE82E09007DAF66 /* String.swift in Sources */,
				EF21AEB42CE82E09007DAF66 /* GInput.swift in Sources */,
				EF21AEB52CE82E09007DAF66 /* Double.swift in Sources */,
				EF21AEB62CE82E09007DAF66 /* NSEvent.swift in Sources */,
				EF21AEC62CF025AB007DAF66 /* SnackBar.swift in Sources */,
				EFFDB7502D738D090095CFB8 /* DataModelMK61.swift in Sources */,
				EF21AEB72CE82E09007DAF66 /* FInput.swift in Sources */,
			);
			runOnlyForDeploymentPostprocessing = 0;
		};
		EFBF5F4D2B8172E700634ED5 /* Sources */ = {
			isa = PBXSourcesBuildPhase;
			buildActionMask = 2147483647;
			files = (
				EFF476662B981DD100A5744A /* DataModel45.swift in Sources */,
				EFF476652B981DCD00A5744A /* DataModel35.swift in Sources */,
				EF1863162DB090F900406F58 /* KeyFeedback.swift in Sources */,
				EF1863192DB09C6700406F58 /* Tutorial.swift in Sources */,
				EFF7ABA22CF809EC00F06FBC /* DataModel21.swift in Sources */,
				EFFDB75D2D73922D0095CFB8 /* KeyView+MK.swift in Sources */,
				EFFDB7672D74C0A40095CFB8 /* Font.swift in Sources */,
				EFFDB74D2D738AA60095CFB8 /* KeyboardView+MK.swift in Sources */,
				EFB108D42D18FC7A0032F830 /* Array.swift in Sources */,
				EF2547FB2D77DDAC00B3B64D /* Strings.swift in Sources */,
				EFBF5F5C2B81737C00634ED5 /* Stack.swift in Sources */,
				EF4719872DC06E7200DA3EB4 /* DMSTests45.swift in Sources */,
				EFBF5F692B8173DC00634ED5 /* View.swift in Sources */,
				EFE102982D028DFB00B0D0A6 /* UserManualTests21.swift in Sources */,
				EFDA13512CFFE20100F52D07 /* DebugInspector.swift in Sources */,
				EFBF5F652B8173D000634ED5 /* Color.swift in Sources */,
				EF57C55C2B9FCAEF0045DAFB /* SampleProblemsTests.swift in Sources */,
				EFD5B7772D0A7ABD00F9191C /* Toggle.swift in Sources */,
				EFBF5F5F2B8173B400634ED5 /* DisplayView.swift in Sources */,
				EFBF5F662B8173D200634ED5 /* Double.swift in Sources */,
				EF57C5802BA540250045DAFB /* ErrorTests.swift in Sources */,
				EFF476642B981DB300A5744A /* KeyView.swift in Sources */,
				EFF4766D2B992B1E00A5744A /* Bool.swift in Sources */,
				EFBF5F5A2B81737300634ED5 /* RPN-35App.swift in Sources */,
				EFBF5F5E2B81738200634ED5 /* Global.swift in Sources */,
				EFBF5F6A2B8173E000634ED5 /* DebugView.swift in Sources */,
				EF8A8F952B83CC2A00515DBE /* InfoView35.swift in Sources */,
				EFBDF48F2BAFCD10002F3F64 /* NSEvent.swift in Sources */,
				EFFDB74F2D738D090095CFB8 /* DataModelMK61.swift in Sources */,
				EF21AEC52CF025AB007DAF66 /* SnackBar.swift in Sources */,
				EF57C55F2BA10F550045DAFB /* DataModel.swift in Sources */,
				EF57C5622BA10F8E0045DAFB /* KeyboardView.swift in Sources */,
				EFBF5F5B2B81737800634ED5 /* AppService.swift in Sources */,
				EFBF5F672B8173D600634ED5 /* String.swift in Sources */,
				EFF476692B981E7300A5744A /* Display.swift in Sources */,
				EFF7ABA72CFBF30300F06FBC /* ModelSelectionView.swift in Sources */,
				EFBF5F682B8173D900634ED5 /* Images.swift in Sources */,
				EF57C5642BA296390045DAFB /* UserManualTests2.swift in Sources */,
				EFBF5F542B8172E700634ED5 /* UserManualTests1.swift in Sources */,
				EFBF5F5D2B81737F00634ED5 /* Operations.swift in Sources */,
				EF57C5862BAA879C0045DAFB /* UserManualTests45.swift in Sources */,
				EFA9596B2CF442F8009D557D /* KeyViewHP21.swift in Sources */,
			);
			runOnlyForDeploymentPostprocessing = 0;
		};
/* End PBXSourcesBuildPhase section */

/* Begin PBXTargetDependency section */
		EFBF5F562B8172E700634ED5 /* PBXTargetDependency */ = {
			isa = PBXTargetDependency;
			target = EF0C0FED2B50C4E90033250C /* RPN35 */;
			targetProxy = EFBF5F552B8172E700634ED5 /* PBXContainerItemProxy */;
		};
		EFE1029A2D028E4500B0D0A6 /* PBXTargetDependency */ = {
			isa = PBXTargetDependency;
			target = EF21AE9F2CE82E09007DAF66 /* RPN35DEV */;
			targetProxy = EFE102992D028E4500B0D0A6 /* PBXContainerItemProxy */;
		};
/* End PBXTargetDependency section */

/* Begin XCBuildConfiguration section */
		EF0C10102B50C4EB0033250C /* Debug */ = {
			isa = XCBuildConfiguration;
			buildSettings = {
				ALWAYS_SEARCH_USER_PATHS = NO;
				ASSETCATALOG_COMPILER_GENERATE_SWIFT_ASSET_SYMBOL_EXTENSIONS = YES;
				CLANG_ANALYZER_NONNULL = YES;
				CLANG_ANALYZER_NUMBER_OBJECT_CONVERSION = YES_AGGRESSIVE;
				CLANG_CXX_LANGUAGE_STANDARD = "gnu++20";
				CLANG_ENABLE_MODULES = YES;
				CLANG_ENABLE_OBJC_ARC = YES;
				CLANG_ENABLE_OBJC_WEAK = YES;
				CLANG_WARN_BLOCK_CAPTURE_AUTORELEASING = YES;
				CLANG_WARN_BOOL_CONVERSION = YES;
				CLANG_WARN_COMMA = YES;
				CLANG_WARN_CONSTANT_CONVERSION = YES;
				CLANG_WARN_DEPRECATED_OBJC_IMPLEMENTATIONS = YES;
				CLANG_WARN_DIRECT_OBJC_ISA_USAGE = YES_ERROR;
				CLANG_WARN_DOCUMENTATION_COMMENTS = YES;
				CLANG_WARN_EMPTY_BODY = YES;
				CLANG_WARN_ENUM_CONVERSION = YES;
				CLANG_WARN_INFINITE_RECURSION = YES;
				CLANG_WARN_INT_CONVERSION = YES;
				CLANG_WARN_NON_LITERAL_NULL_CONVERSION = YES;
				CLANG_WARN_OBJC_IMPLICIT_RETAIN_SELF = YES;
				CLANG_WARN_OBJC_LITERAL_CONVERSION = YES;
				CLANG_WARN_OBJC_ROOT_CLASS = YES_ERROR;
				CLANG_WARN_QUOTED_INCLUDE_IN_FRAMEWORK_HEADER = YES;
				CLANG_WARN_RANGE_LOOP_ANALYSIS = YES;
				CLANG_WARN_STRICT_PROTOTYPES = YES;
				CLANG_WARN_SUSPICIOUS_MOVE = YES;
				CLANG_WARN_UNGUARDED_AVAILABILITY = YES_AGGRESSIVE;
				CLANG_WARN_UNREACHABLE_CODE = YES;
				CLANG_WARN__DUPLICATE_METHOD_MATCH = YES;
				COPY_PHASE_STRIP = NO;
				DEBUG_INFORMATION_FORMAT = dwarf;
				ENABLE_STRICT_OBJC_MSGSEND = YES;
				ENABLE_TESTABILITY = YES;
				ENABLE_USER_SCRIPT_SANDBOXING = YES;
				GCC_C_LANGUAGE_STANDARD = gnu17;
				GCC_DYNAMIC_NO_PIC = NO;
				GCC_NO_COMMON_BLOCKS = YES;
				GCC_OPTIMIZATION_LEVEL = 0;
				GCC_PREPROCESSOR_DEFINITIONS = (
					"DEBUG=1",
					"$(inherited)",
				);
				GCC_WARN_64_TO_32_BIT_CONVERSION = YES;
				GCC_WARN_ABOUT_RETURN_TYPE = YES_ERROR;
				GCC_WARN_UNDECLARED_SELECTOR = YES;
				GCC_WARN_UNINITIALIZED_AUTOS = YES_AGGRESSIVE;
				GCC_WARN_UNUSED_FUNCTION = YES;
				GCC_WARN_UNUSED_VARIABLE = YES;
				IPHONEOS_DEPLOYMENT_TARGET = 17.2;
				LOCALIZATION_PREFERS_STRING_CATALOGS = YES;
				MTL_ENABLE_DEBUG_INFO = INCLUDE_SOURCE;
				MTL_FAST_MATH = YES;
				ONLY_ACTIVE_ARCH = YES;
				SDKROOT = iphoneos;
				SWIFT_ACTIVE_COMPILATION_CONDITIONS = "DEBUG $(inherited)";
				SWIFT_OPTIMIZATION_LEVEL = "-Onone";
			};
			name = Debug;
		};
		EF0C10112B50C4EB0033250C /* Release */ = {
			isa = XCBuildConfiguration;
			buildSettings = {
				ALWAYS_SEARCH_USER_PATHS = NO;
				ASSETCATALOG_COMPILER_GENERATE_SWIFT_ASSET_SYMBOL_EXTENSIONS = YES;
				CLANG_ANALYZER_NONNULL = YES;
				CLANG_ANALYZER_NUMBER_OBJECT_CONVERSION = YES_AGGRESSIVE;
				CLANG_CXX_LANGUAGE_STANDARD = "gnu++20";
				CLANG_ENABLE_MODULES = YES;
				CLANG_ENABLE_OBJC_ARC = YES;
				CLANG_ENABLE_OBJC_WEAK = YES;
				CLANG_WARN_BLOCK_CAPTURE_AUTORELEASING = YES;
				CLANG_WARN_BOOL_CONVERSION = YES;
				CLANG_WARN_COMMA = YES;
				CLANG_WARN_CONSTANT_CONVERSION = YES;
				CLANG_WARN_DEPRECATED_OBJC_IMPLEMENTATIONS = YES;
				CLANG_WARN_DIRECT_OBJC_ISA_USAGE = YES_ERROR;
				CLANG_WARN_DOCUMENTATION_COMMENTS = YES;
				CLANG_WARN_EMPTY_BODY = YES;
				CLANG_WARN_ENUM_CONVERSION = YES;
				CLANG_WARN_INFINITE_RECURSION = YES;
				CLANG_WARN_INT_CONVERSION = YES;
				CLANG_WARN_NON_LITERAL_NULL_CONVERSION = YES;
				CLANG_WARN_OBJC_IMPLICIT_RETAIN_SELF = YES;
				CLANG_WARN_OBJC_LITERAL_CONVERSION = YES;
				CLANG_WARN_OBJC_ROOT_CLASS = YES_ERROR;
				CLANG_WARN_QUOTED_INCLUDE_IN_FRAMEWORK_HEADER = YES;
				CLANG_WARN_RANGE_LOOP_ANALYSIS = YES;
				CLANG_WARN_STRICT_PROTOTYPES = YES;
				CLANG_WARN_SUSPICIOUS_MOVE = YES;
				CLANG_WARN_UNGUARDED_AVAILABILITY = YES_AGGRESSIVE;
				CLANG_WARN_UNREACHABLE_CODE = YES;
				CLANG_WARN__DUPLICATE_METHOD_MATCH = YES;
				COPY_PHASE_STRIP = NO;
				DEBUG_INFORMATION_FORMAT = "dwarf-with-dsym";
				ENABLE_NS_ASSERTIONS = NO;
				ENABLE_STRICT_OBJC_MSGSEND = YES;
				ENABLE_USER_SCRIPT_SANDBOXING = YES;
				GCC_C_LANGUAGE_STANDARD = gnu17;
				GCC_NO_COMMON_BLOCKS = YES;
				GCC_WARN_64_TO_32_BIT_CONVERSION = YES;
				GCC_WARN_ABOUT_RETURN_TYPE = YES_ERROR;
				GCC_WARN_UNDECLARED_SELECTOR = YES;
				GCC_WARN_UNINITIALIZED_AUTOS = YES_AGGRESSIVE;
				GCC_WARN_UNUSED_FUNCTION = YES;
				GCC_WARN_UNUSED_VARIABLE = YES;
				IPHONEOS_DEPLOYMENT_TARGET = 17.2;
				LOCALIZATION_PREFERS_STRING_CATALOGS = YES;
				MTL_ENABLE_DEBUG_INFO = NO;
				MTL_FAST_MATH = YES;
				SDKROOT = iphoneos;
				SWIFT_COMPILATION_MODE = wholemodule;
				VALIDATE_PRODUCT = YES;
			};
			name = Release;
		};
		EF0C10132B50C4EB0033250C /* Debug */ = {
			isa = XCBuildConfiguration;
			buildSettings = {
				ASSETCATALOG_COMPILER_ALTERNATE_APPICON_NAMES = "";
				ASSETCATALOG_COMPILER_APPICON_NAME = AppIcon;
				ASSETCATALOG_COMPILER_GLOBAL_ACCENT_COLOR_NAME = AccentColor;
				ASSETCATALOG_COMPILER_INCLUDE_ALL_APPICON_ASSETS = NO;
				CODE_SIGN_STYLE = Automatic;
				CURRENT_PROJECT_VERSION = 17;
				DEVELOPMENT_ASSET_PATHS = "\"RPN-35/Preview Content\"";
				DEVELOPMENT_TEAM = 5HRDTDUZ98;
				ENABLE_PREVIEWS = YES;
				GENERATE_INFOPLIST_FILE = YES;
				INFOPLIST_FILE = "RPN-35/Info.plist";
				INFOPLIST_KEY_CFBundleDisplayName = "HP-35";
				INFOPLIST_KEY_LSApplicationCategoryType = "public.app-category.productivity";
				INFOPLIST_KEY_UIApplicationSceneManifest_Generation = YES;
				INFOPLIST_KEY_UIApplicationSupportsIndirectInputEvents = YES;
				INFOPLIST_KEY_UILaunchScreen_Generation = YES;
				INFOPLIST_KEY_UISupportedInterfaceOrientations = UIInterfaceOrientationPortrait;
				LD_RUNPATH_SEARCH_PATHS = (
					"$(inherited)",
					"@executable_path/Frameworks",
				);
				MACOSX_DEPLOYMENT_TARGET = 14.0;
				MARKETING_VERSION = 1.7;
				PRODUCT_BUNDLE_IDENTIFIER = "com.code3e.RPN-35";
				PRODUCT_NAME = "$(TARGET_NAME)";
				SUPPORTED_PLATFORMS = "iphoneos iphonesimulator macosx";
				SUPPORTS_MACCATALYST = NO;
				SWIFT_EMIT_LOC_STRINGS = YES;
				SWIFT_VERSION = 5.0;
				TARGETED_DEVICE_FAMILY = 1;
			};
			name = Debug;
		};
		EF0C10142B50C4EB0033250C /* Release */ = {
			isa = XCBuildConfiguration;
			buildSettings = {
				ASSETCATALOG_COMPILER_ALTERNATE_APPICON_NAMES = "";
				ASSETCATALOG_COMPILER_APPICON_NAME = AppIcon;
				ASSETCATALOG_COMPILER_GLOBAL_ACCENT_COLOR_NAME = AccentColor;
				ASSETCATALOG_COMPILER_INCLUDE_ALL_APPICON_ASSETS = NO;
				CODE_SIGN_STYLE = Automatic;
				CURRENT_PROJECT_VERSION = 17;
				DEVELOPMENT_ASSET_PATHS = "\"RPN-35/Preview Content\"";
				DEVELOPMENT_TEAM = 5HRDTDUZ98;
				ENABLE_PREVIEWS = YES;
				GENERATE_INFOPLIST_FILE = YES;
				INFOPLIST_FILE = "RPN-35/Info.plist";
				INFOPLIST_KEY_CFBundleDisplayName = "HP-35";
				INFOPLIST_KEY_LSApplicationCategoryType = "public.app-category.productivity";
				INFOPLIST_KEY_UIApplicationSceneManifest_Generation = YES;
				INFOPLIST_KEY_UIApplicationSupportsIndirectInputEvents = YES;
				INFOPLIST_KEY_UILaunchScreen_Generation = YES;
				INFOPLIST_KEY_UISupportedInterfaceOrientations = UIInterfaceOrientationPortrait;
				LD_RUNPATH_SEARCH_PATHS = (
					"$(inherited)",
					"@executable_path/Frameworks",
				);
				MACOSX_DEPLOYMENT_TARGET = 14.0;
				MARKETING_VERSION = 1.7;
				PRODUCT_BUNDLE_IDENTIFIER = "com.code3e.RPN-35";
				PRODUCT_NAME = "$(TARGET_NAME)";
				SUPPORTED_PLATFORMS = "iphoneos iphonesimulator macosx";
				SUPPORTS_MACCATALYST = NO;
				SWIFT_EMIT_LOC_STRINGS = YES;
				SWIFT_VERSION = 5.0;
				TARGETED_DEVICE_FAMILY = 1;
			};
			name = Release;
		};
		EF21AEBE2CE82E09007DAF66 /* Debug */ = {
			isa = XCBuildConfiguration;
			buildSettings = {
				ASSETCATALOG_COMPILER_ALTERNATE_APPICON_NAMES = "";
				ASSETCATALOG_COMPILER_APPICON_NAME = AppIconDEV;
				ASSETCATALOG_COMPILER_GLOBAL_ACCENT_COLOR_NAME = AccentColor;
				ASSETCATALOG_COMPILER_INCLUDE_ALL_APPICON_ASSETS = NO;
				CODE_SIGN_STYLE = Automatic;
				CURRENT_PROJECT_VERSION = 2;
				DEVELOPMENT_ASSET_PATHS = "\"RPN-35/Preview Content\"";
				DEVELOPMENT_TEAM = 5HRDTDUZ98;
				ENABLE_PREVIEWS = YES;
				GENERATE_INFOPLIST_FILE = YES;
				INFOPLIST_FILE = "RPN-35/Info.plist";
				INFOPLIST_KEY_CFBundleDisplayName = "HP-35";
				INFOPLIST_KEY_LSApplicationCategoryType = "public.app-category.productivity";
				INFOPLIST_KEY_UIApplicationSceneManifest_Generation = YES;
				INFOPLIST_KEY_UIApplicationSupportsIndirectInputEvents = YES;
				INFOPLIST_KEY_UILaunchScreen_Generation = YES;
				INFOPLIST_KEY_UISupportedInterfaceOrientations = UIInterfaceOrientationPortrait;
				LD_RUNPATH_SEARCH_PATHS = (
					"$(inherited)",
					"@executable_path/Frameworks",
				);
				MACOSX_DEPLOYMENT_TARGET = 14.0;
				MARKETING_VERSION = 1.1;
				PRODUCT_BUNDLE_IDENTIFIER = "com.code3e.RPN-35DEV";
				PRODUCT_NAME = "$(TARGET_NAME)";
				SUPPORTED_PLATFORMS = "iphoneos iphonesimulator macosx";
				SUPPORTS_MACCATALYST = NO;
				SWIFT_EMIT_LOC_STRINGS = YES;
				SWIFT_VERSION = 5.0;
				TARGETED_DEVICE_FAMILY = 1;
			};
			name = Debug;
		};
		EF21AEBF2CE82E09007DAF66 /* Release */ = {
			isa = XCBuildConfiguration;
			buildSettings = {
				ASSETCATALOG_COMPILER_ALTERNATE_APPICON_NAMES = "";
				ASSETCATALOG_COMPILER_APPICON_NAME = AppIconDEV;
				ASSETCATALOG_COMPILER_GLOBAL_ACCENT_COLOR_NAME = AccentColor;
				ASSETCATALOG_COMPILER_INCLUDE_ALL_APPICON_ASSETS = NO;
				CODE_SIGN_STYLE = Automatic;
				CURRENT_PROJECT_VERSION = 2;
				DEVELOPMENT_ASSET_PATHS = "\"RPN-35/Preview Content\"";
				DEVELOPMENT_TEAM = 5HRDTDUZ98;
				ENABLE_PREVIEWS = YES;
				GENERATE_INFOPLIST_FILE = YES;
				INFOPLIST_FILE = "RPN-35/Info.plist";
				INFOPLIST_KEY_CFBundleDisplayName = "HP-35";
				INFOPLIST_KEY_LSApplicationCategoryType = "public.app-category.productivity";
				INFOPLIST_KEY_UIApplicationSceneManifest_Generation = YES;
				INFOPLIST_KEY_UIApplicationSupportsIndirectInputEvents = YES;
				INFOPLIST_KEY_UILaunchScreen_Generation = YES;
				INFOPLIST_KEY_UISupportedInterfaceOrientations = UIInterfaceOrientationPortrait;
				LD_RUNPATH_SEARCH_PATHS = (
					"$(inherited)",
					"@executable_path/Frameworks",
				);
				MACOSX_DEPLOYMENT_TARGET = 14.0;
				MARKETING_VERSION = 1.1;
				PRODUCT_BUNDLE_IDENTIFIER = "com.code3e.RPN-35DEV";
				PRODUCT_NAME = "$(TARGET_NAME)";
				SUPPORTED_PLATFORMS = "iphoneos iphonesimulator macosx";
				SUPPORTS_MACCATALYST = NO;
				SWIFT_EMIT_LOC_STRINGS = YES;
				SWIFT_VERSION = 5.0;
				TARGETED_DEVICE_FAMILY = 1;
			};
			name = Release;
		};
		EFBF5F572B8172E700634ED5 /* Debug */ = {
			isa = XCBuildConfiguration;
			buildSettings = {
				BUNDLE_LOADER = "$(TEST_HOST)";
				CODE_SIGN_STYLE = Automatic;
				CURRENT_PROJECT_VERSION = 1;
				DEVELOPMENT_TEAM = 5HRDTDUZ98;
				GENERATE_INFOPLIST_FILE = YES;
				IPHONEOS_DEPLOYMENT_TARGET = 17.2;
				MACOSX_DEPLOYMENT_TARGET = 14.1;
				MARKETING_VERSION = 1.0;
				PRODUCT_BUNDLE_IDENTIFIER = "com.code3e.RPN-35Tests";
				PRODUCT_NAME = "$(TARGET_NAME)";
				SDKROOT = auto;
				SUPPORTED_PLATFORMS = "iphoneos iphonesimulator macosx";
				SWIFT_EMIT_LOC_STRINGS = NO;
				SWIFT_VERSION = 5.0;
				TARGETED_DEVICE_FAMILY = "1,2";
				TEST_HOST = "$(BUILT_PRODUCTS_DIR)/RPN35DEV.app/$(BUNDLE_EXECUTABLE_FOLDER_PATH)/RPN35DEV";
			};
			name = Debug;
		};
		EFBF5F582B8172E700634ED5 /* Release */ = {
			isa = XCBuildConfiguration;
			buildSettings = {
				BUNDLE_LOADER = "$(TEST_HOST)";
				CODE_SIGN_STYLE = Automatic;
				CURRENT_PROJECT_VERSION = 1;
				DEVELOPMENT_TEAM = 5HRDTDUZ98;
				GENERATE_INFOPLIST_FILE = YES;
				IPHONEOS_DEPLOYMENT_TARGET = 17.2;
				MACOSX_DEPLOYMENT_TARGET = 14.1;
				MARKETING_VERSION = 1.0;
				PRODUCT_BUNDLE_IDENTIFIER = "com.code3e.RPN-35Tests";
				PRODUCT_NAME = "$(TARGET_NAME)";
				SDKROOT = auto;
				SUPPORTED_PLATFORMS = "iphoneos iphonesimulator macosx";
				SWIFT_EMIT_LOC_STRINGS = NO;
				SWIFT_VERSION = 5.0;
				TARGETED_DEVICE_FAMILY = "1,2";
				TEST_HOST = "$(BUILT_PRODUCTS_DIR)/RPN35DEV.app/$(BUNDLE_EXECUTABLE_FOLDER_PATH)/RPN35DEV";
			};
			name = Release;
		};
/* End XCBuildConfiguration section */

/* Begin XCConfigurationList section */
		EF0C0FE92B50C4E90033250C /* Build configuration list for PBXProject "RPN35" */ = {
			isa = XCConfigurationList;
			buildConfigurations = (
				EF0C10102B50C4EB0033250C /* Debug */,
				EF0C10112B50C4EB0033250C /* Release */,
			);
			defaultConfigurationIsVisible = 0;
			defaultConfigurationName = Release;
		};
		EF0C10122B50C4EB0033250C /* Build configuration list for PBXNativeTarget "RPN35" */ = {
			isa = XCConfigurationList;
			buildConfigurations = (
				EF0C10132B50C4EB0033250C /* Debug */,
				EF0C10142B50C4EB0033250C /* Release */,
			);
			defaultConfigurationIsVisible = 0;
			defaultConfigurationName = Release;
		};
		EF21AEBD2CE82E09007DAF66 /* Build configuration list for PBXNativeTarget "RPN35DEV" */ = {
			isa = XCConfigurationList;
			buildConfigurations = (
				EF21AEBE2CE82E09007DAF66 /* Debug */,
				EF21AEBF2CE82E09007DAF66 /* Release */,
			);
			defaultConfigurationIsVisible = 0;
			defaultConfigurationName = Release;
		};
		EFBF5F592B8172E700634ED5 /* Build configuration list for PBXNativeTarget "RPN35Tests" */ = {
			isa = XCConfigurationList;
			buildConfigurations = (
				EFBF5F572B8172E700634ED5 /* Debug */,
				EFBF5F582B8172E700634ED5 /* Release */,
			);
			defaultConfigurationIsVisible = 0;
			defaultConfigurationName = Release;
		};
/* End XCConfigurationList section */
	};
	rootObject = EF0C0FE62B50C4E90033250C /* Project object */;
}
